
Microsoft Visual Studio Solution File, Format Version 12.00
# Visual Studio Version 17
VisualStudioVersion = 17.3.32929.385
MinimumVisualStudioVersion = 10.0.40219.1
Project("{2150E333-8FDC-42A3-9474-1A3956D46DE8}") = "Microservices", "Microservices", "{6DC1984B-81EC-4FB0-966F-CBE96A03E9BD}"
EndProject
Project("{2150E333-8FDC-42A3-9474-1A3956D46DE8}") = "Domain", "Domain", "{87E1827E-0FF7-454E-90FA-5B267120A9A3}"
EndProject
Project("{2150E333-8FDC-42A3-9474-1A3956D46DE8}") = "Infra.Bus", "Infra.Bus", "{8246A30A-8A13-45B3-85C7-0C729D814918}"
EndProject
Project("{2150E333-8FDC-42A3-9474-1A3956D46DE8}") = "Infra.Ioc", "Infra.Ioc", "{EB982DA4-D3DF-4673-B280-135D47CE4072}"
EndProject
Project("{2150E333-8FDC-42A3-9474-1A3956D46DE8}") = "Presentation", "Presentation", "{37CAACE5-E20D-43F4-9737-A185C0B6D07F}"
EndProject
Project("{9A19103F-16F7-4668-BE54-9A1E7A4F7556}") = "MicroRabbit.Domain.Core", "MicroRabbit.Domain.Core\MicroRabbit.Domain.Core.csproj", "{F0F8E8E8-99DB-4D67-AA14-E5B7CA34F45C}"
EndProject
Project("{9A19103F-16F7-4668-BE54-9A1E7A4F7556}") = "MicroRabbit.Infra.Bus", "MicroRabbit.Infra.Bus\MicroRabbit.Infra.Bus.csproj", "{B180A0D0-F97A-473B-B672-D6B49E4B5157}"
EndProject
Project("{FAE04EC0-301F-11D3-BF4B-00C04F79EFBC}") = "MicroRabbit.Infra.IoC", "MicroRabbit.Infra.IoC\MicroRabbit.Infra.IoC.csproj", "{A12B53CF-45CB-495F-9BD2-024F18EAC16D}"
EndProject
Project("{2150E333-8FDC-42A3-9474-1A3956D46DE8}") = "Banking", "Banking", "{4E7DC7A7-7CB5-4333-B672-A60619EB4540}"
EndProject
Project("{2150E333-8FDC-42A3-9474-1A3956D46DE8}") = "Api", "Api", "{E2F07A0A-24AB-4EA3-9278-985768C2D7D1}"
EndProject
Project("{2150E333-8FDC-42A3-9474-1A3956D46DE8}") = "Domain", "Domain", "{F0F618E9-1A3A-464A-81AB-F256E0137E8A}"
EndProject
Project("{2150E333-8FDC-42A3-9474-1A3956D46DE8}") = "Application", "Application", "{20F6C0F9-7785-4A60-BB22-5DEBAF4CFD8B}"
EndProject
Project("{2150E333-8FDC-42A3-9474-1A3956D46DE8}") = "Data", "Data", "{C0B42530-8F65-48FC-B99D-A15E1F59972B}"
EndProject
Project("{FAE04EC0-301F-11D3-BF4B-00C04F79EFBC}") = "MicroRabbit.Banking.Api", "MicroRabbit.Banking.Api\MicroRabbit.Banking.Api.csproj", "{F044A0E0-122E-462C-BDED-C5137B07A821}"
EndProject
Project("{FAE04EC0-301F-11D3-BF4B-00C04F79EFBC}") = "MicroRabbit.Banking.Application", "MicroRabbit.Banking.Application\MicroRabbit.Banking.Application.csproj", "{6EC2C78E-A996-4C53-9976-259BF452E18C}"
EndProject
Project("{FAE04EC0-301F-11D3-BF4B-00C04F79EFBC}") = "MicroRabbit.Banking.Data", "MicroRabbit.Banking.Data\MicroRabbit.Banking.Data.csproj", "{B8FB4BF1-5B34-47A8-B0B5-112FC0285726}"
EndProject
Project("{FAE04EC0-301F-11D3-BF4B-00C04F79EFBC}") = "MicroRabbit.Banking.Domain", "MicroRabbit.Banking.Domain\MicroRabbit.Banking.Domain.csproj", "{A0410E74-6CDD-4792-9F4D-7CBDB4C0C0C3}"
EndProject
Global
	GlobalSection(SolutionConfigurationPlatforms) = preSolution
		Debug|Any CPU = Debug|Any CPU
		Release|Any CPU = Release|Any CPU
	EndGlobalSection
	GlobalSection(ProjectConfigurationPlatforms) = postSolution
		{F0F8E8E8-99DB-4D67-AA14-E5B7CA34F45C}.Debug|Any CPU.ActiveCfg = Debug|Any CPU
		{F0F8E8E8-99DB-4D67-AA14-E5B7CA34F45C}.Debug|Any CPU.Build.0 = Debug|Any CPU
		{F0F8E8E8-99DB-4D67-AA14-E5B7CA34F45C}.Release|Any CPU.ActiveCfg = Release|Any CPU
		{F0F8E8E8-99DB-4D67-AA14-E5B7CA34F45C}.Release|Any CPU.Build.0 = Release|Any CPU
		{B180A0D0-F97A-473B-B672-D6B49E4B5157}.Debug|Any CPU.ActiveCfg = Debug|Any CPU
		{B180A0D0-F97A-473B-B672-D6B49E4B5157}.Debug|Any CPU.Build.0 = Debug|Any CPU
		{B180A0D0-F97A-473B-B672-D6B49E4B5157}.Release|Any CPU.ActiveCfg = Release|Any CPU
		{B180A0D0-F97A-473B-B672-D6B49E4B5157}.Release|Any CPU.Build.0 = Release|Any CPU
		{A12B53CF-45CB-495F-9BD2-024F18EAC16D}.Debug|Any CPU.ActiveCfg = Debug|Any CPU
		{A12B53CF-45CB-495F-9BD2-024F18EAC16D}.Debug|Any CPU.Build.0 = Debug|Any CPU
		{A12B53CF-45CB-495F-9BD2-024F18EAC16D}.Release|Any CPU.ActiveCfg = Release|Any CPU
		{A12B53CF-45CB-495F-9BD2-024F18EAC16D}.Release|Any CPU.Build.0 = Release|Any CPU
		{F044A0E0-122E-462C-BDED-C5137B07A821}.Debug|Any CPU.ActiveCfg = Debug|Any CPU
		{F044A0E0-122E-462C-BDED-C5137B07A821}.Debug|Any CPU.Build.0 = Debug|Any CPU
		{F044A0E0-122E-462C-BDED-C5137B07A821}.Release|Any CPU.ActiveCfg = Release|Any CPU
		{F044A0E0-122E-462C-BDED-C5137B07A821}.Release|Any CPU.Build.0 = Release|Any CPU
		{6EC2C78E-A996-4C53-9976-259BF452E18C}.Debug|Any CPU.ActiveCfg = Debug|Any CPU
		{6EC2C78E-A996-4C53-9976-259BF452E18C}.Debug|Any CPU.Build.0 = Debug|Any CPU
		{6EC2C78E-A996-4C53-9976-259BF452E18C}.Release|Any CPU.ActiveCfg = Release|Any CPU
		{6EC2C78E-A996-4C53-9976-259BF452E18C}.Release|Any CPU.Build.0 = Release|Any CPU
		{B8FB4BF1-5B34-47A8-B0B5-112FC0285726}.Debug|Any CPU.ActiveCfg = Debug|Any CPU
		{B8FB4BF1-5B34-47A8-B0B5-112FC0285726}.Debug|Any CPU.Build.0 = Debug|Any CPU
		{B8FB4BF1-5B34-47A8-B0B5-112FC0285726}.Release|Any CPU.ActiveCfg = Release|Any CPU
		{B8FB4BF1-5B34-47A8-B0B5-112FC0285726}.Release|Any CPU.Build.0 = Release|Any CPU
		{A0410E74-6CDD-4792-9F4D-7CBDB4C0C0C3}.Debug|Any CPU.ActiveCfg = Debug|Any CPU
		{A0410E74-6CDD-4792-9F4D-7CBDB4C0C0C3}.Debug|Any CPU.Build.0 = Debug|Any CPU
		{A0410E74-6CDD-4792-9F4D-7CBDB4C0C0C3}.Release|Any CPU.ActiveCfg = Release|Any CPU
		{A0410E74-6CDD-4792-9F4D-7CBDB4C0C0C3}.Release|Any CPU.Build.0 = Release|Any CPU
	EndGlobalSection
	GlobalSection(SolutionProperties) = preSolution
		HideSolutionNode = FALSE
	EndGlobalSection
	GlobalSection(NestedProjects) = preSolution
		{F0F8E8E8-99DB-4D67-AA14-E5B7CA34F45C} = {87E1827E-0FF7-454E-90FA-5B267120A9A3}
		{B180A0D0-F97A-473B-B672-D6B49E4B5157} = {8246A30A-8A13-45B3-85C7-0C729D814918}
		{A12B53CF-45CB-495F-9BD2-024F18EAC16D} = {EB982DA4-D3DF-4673-B280-135D47CE4072}
		{4E7DC7A7-7CB5-4333-B672-A60619EB4540} = {6DC1984B-81EC-4FB0-966F-CBE96A03E9BD}
		{E2F07A0A-24AB-4EA3-9278-985768C2D7D1} = {4E7DC7A7-7CB5-4333-B672-A60619EB4540}
		{F0F618E9-1A3A-464A-81AB-F256E0137E8A} = {4E7DC7A7-7CB5-4333-B672-A60619EB4540}
		{20F6C0F9-7785-4A60-BB22-5DEBAF4CFD8B} = {4E7DC7A7-7CB5-4333-B672-A60619EB4540}
		{C0B42530-8F65-48FC-B99D-A15E1F59972B} = {4E7DC7A7-7CB5-4333-B672-A60619EB4540}
		{F044A0E0-122E-462C-BDED-C5137B07A821} = {E2F07A0A-24AB-4EA3-9278-985768C2D7D1}
		{6EC2C78E-A996-4C53-9976-259BF452E18C} = {20F6C0F9-7785-4A60-BB22-5DEBAF4CFD8B}
		{B8FB4BF1-5B34-47A8-B0B5-112FC0285726} = {C0B42530-8F65-48FC-B99D-A15E1F59972B}
		{A0410E74-6CDD-4792-9F4D-7CBDB4C0C0C3} = {F0F618E9-1A3A-464A-81AB-F256E0137E8A}
	EndGlobalSection
	GlobalSection(ExtensibilityGlobals) = postSolution
		SolutionGuid = {3273DFE6-A060-48E3-AF0D-7B4FD9A76A81}
	EndGlobalSection
EndGlobal
