
Microsoft Visual Studio Solution File, Format Version 12.00
# Visual Studio Version 17
VisualStudioVersion = 17.3.32929.385
MinimumVisualStudioVersion = 10.0.40219.1
Project("{2150E333-8FDC-42A3-9474-1A3956D46DE8}") = "Microservices", "Microservices", "{6DC1984B-81EC-4FB0-966F-CBE96A03E9BD}"
EndProject
Project("{2150E333-8FDC-42A3-9474-1A3956D46DE8}") = "Domain", "Domain", "{87E1827E-0FF7-454E-90FA-5B267120A9A3}"
EndProject
Project("{2150E333-8FDC-42A3-9474-1A3956D46DE8}") = "Infra.Bus", "Infra.Bus", "{8246A30A-8A13-45B3-85C7-0C729D814918}"
EndProject
Project("{2150E333-8FDC-42A3-9474-1A3956D46DE8}") = "Infra.Ioc", "Infra.Ioc", "{EB982DA4-D3DF-4673-B280-135D47CE4072}"
EndProject
Project("{2150E333-8FDC-42A3-9474-1A3956D46DE8}") = "Presentation", "Presentation", "{37CAACE5-E20D-43F4-9737-A185C0B6D07F}"
EndProject
Project("{FAE04EC0-301F-11D3-BF4B-00C04F79EFBC}") = "MicroRabbit.Domain.Core", "MicroRabbit.Domain.Core\MicroRabbit.Domain.Core.csproj", "{F0F8E8E8-99DB-4D67-AA14-E5B7CA34F45C}"
EndProject
Global
	GlobalSection(SolutionConfigurationPlatforms) = preSolution
		Debug|Any CPU = Debug|Any CPU
		Release|Any CPU = Release|Any CPU
	EndGlobalSection
	GlobalSection(ProjectConfigurationPlatforms) = postSolution
		{F0F8E8E8-99DB-4D67-AA14-E5B7CA34F45C}.Debug|Any CPU.ActiveCfg = Debug|Any CPU
		{F0F8E8E8-99DB-4D67-AA14-E5B7CA34F45C}.Debug|Any CPU.Build.0 = Debug|Any CPU
		{F0F8E8E8-99DB-4D67-AA14-E5B7CA34F45C}.Release|Any CPU.ActiveCfg = Release|Any CPU
		{F0F8E8E8-99DB-4D67-AA14-E5B7CA34F45C}.Release|Any CPU.Build.0 = Release|Any CPU
	EndGlobalSection
	GlobalSection(SolutionProperties) = preSolution
		HideSolutionNode = FALSE
	EndGlobalSection
	GlobalSection(NestedProjects) = preSolution
		{F0F8E8E8-99DB-4D67-AA14-E5B7CA34F45C} = {87E1827E-0FF7-454E-90FA-5B267120A9A3}
	EndGlobalSection
	GlobalSection(ExtensibilityGlobals) = postSolution
		SolutionGuid = {3273DFE6-A060-48E3-AF0D-7B4FD9A76A81}
	EndGlobalSection
EndGlobal
